
Microsoft Visual Studio Solution File, Format Version 12.00
# Visual Studio Version 17
VisualStudioVersion = 17.0.31903.59
MinimumVisualStudioVersion = 10.0.40219.1
Project("{FAE04EC0-301F-11D3-BF4B-00C04F79EFBC}") = "Domain", "Domain\Domain.csproj", "{EAB01FD2-B755-4591-8B6A-0C71E17DBB87}"
EndProject
Project("{FAE04EC0-301F-11D3-BF4B-00C04F79EFBC}") = "Infrastructure", "Infrastructure\Infrastructure.csproj", "{EAA04F62-CEB1-4B4E-A369-4A8657B5FE09}"
EndProject
Project("{FAE04EC0-301F-11D3-BF4B-00C04F79EFBC}") = "Application", "Application\Application.csproj", "{3A758A9B-BD87-403D-AF91-5D50BE7B1D76}"
EndProject
Project("{FAE04EC0-301F-11D3-BF4B-00C04F79EFBC}") = "Api", "Api\Api.csproj", "{A24CE219-9519-4116-BF2F-6276A8931778}"
EndProject
Project("{FAE04EC0-301F-11D3-BF4B-00C04F79EFBC}") = "Tests", "Tests\Tests.csproj", "{F58F23CE-890A-4A85-B284-83264DDF7CC1}"
EndProject
Global
	GlobalSection(SolutionConfigurationPlatforms) = preSolution
		Debug|Any CPU = Debug|Any CPU
		Debug|x64 = Debug|x64
		Debug|x86 = Debug|x86
		Release|Any CPU = Release|Any CPU
		Release|x64 = Release|x64
		Release|x86 = Release|x86
	EndGlobalSection
	GlobalSection(ProjectConfigurationPlatforms) = postSolution
		{EAB01FD2-B755-4591-8B6A-0C71E17DBB87}.Debug|Any CPU.ActiveCfg = Debug|Any CPU
		{EAB01FD2-B755-4591-8B6A-0C71E17DBB87}.Debug|Any CPU.Build.0 = Debug|Any CPU
		{EAB01FD2-B755-4591-8B6A-0C71E17DBB87}.Debug|x64.ActiveCfg = Debug|Any CPU
		{EAB01FD2-B755-4591-8B6A-0C71E17DBB87}.Debug|x64.Build.0 = Debug|Any CPU
		{EAB01FD2-B755-4591-8B6A-0C71E17DBB87}.Debug|x86.ActiveCfg = Debug|Any CPU
		{EAB01FD2-B755-4591-8B6A-0C71E17DBB87}.Debug|x86.Build.0 = Debug|Any CPU
		{EAB01FD2-B755-4591-8B6A-0C71E17DBB87}.Release|Any CPU.ActiveCfg = Release|Any CPU
		{EAB01FD2-B755-4591-8B6A-0C71E17DBB87}.Release|Any CPU.Build.0 = Release|Any CPU
		{EAB01FD2-B755-4591-8B6A-0C71E17DBB87}.Release|x64.ActiveCfg = Release|Any CPU
		{EAB01FD2-B755-4591-8B6A-0C71E17DBB87}.Release|x64.Build.0 = Release|Any CPU
		{EAB01FD2-B755-4591-8B6A-0C71E17DBB87}.Release|x86.ActiveCfg = Release|Any CPU
		{EAB01FD2-B755-4591-8B6A-0C71E17DBB87}.Release|x86.Build.0 = Release|Any CPU
		{EAA04F62-CEB1-4B4E-A369-4A8657B5FE09}.Debug|Any CPU.ActiveCfg = Debug|Any CPU
		{EAA04F62-CEB1-4B4E-A369-4A8657B5FE09}.Debug|Any CPU.Build.0 = Debug|Any CPU
		{EAA04F62-CEB1-4B4E-A369-4A8657B5FE09}.Debug|x64.ActiveCfg = Debug|Any CPU
		{EAA04F62-CEB1-4B4E-A369-4A8657B5FE09}.Debug|x64.Build.0 = Debug|Any CPU
		{EAA04F62-CEB1-4B4E-A369-4A8657B5FE09}.Debug|x86.ActiveCfg = Debug|Any CPU
		{EAA04F62-CEB1-4B4E-A369-4A8657B5FE09}.Debug|x86.Build.0 = Debug|Any CPU
		{EAA04F62-CEB1-4B4E-A369-4A8657B5FE09}.Release|Any CPU.ActiveCfg = Release|Any CPU
		{EAA04F62-CEB1-4B4E-A369-4A8657B5FE09}.Release|Any CPU.Build.0 = Release|Any CPU
		{EAA04F62-CEB1-4B4E-A369-4A8657B5FE09}.Release|x64.ActiveCfg = Release|Any CPU
		{EAA04F62-CEB1-4B4E-A369-4A8657B5FE09}.Release|x64.Build.0 = Release|Any CPU
		{EAA04F62-CEB1-4B4E-A369-4A8657B5FE09}.Release|x86.ActiveCfg = Release|Any CPU
		{EAA04F62-CEB1-4B4E-A369-4A8657B5FE09}.Release|x86.Build.0 = Release|Any CPU
		{3A758A9B-BD87-403D-AF91-5D50BE7B1D76}.Debug|Any CPU.ActiveCfg = Debug|Any CPU
		{3A758A9B-BD87-403D-AF91-5D50BE7B1D76}.Debug|Any CPU.Build.0 = Debug|Any CPU
		{3A758A9B-BD87-403D-AF91-5D50BE7B1D76}.Debug|x64.ActiveCfg = Debug|Any CPU
		{3A758A9B-BD87-403D-AF91-5D50BE7B1D76}.Debug|x64.Build.0 = Debug|Any CPU
		{3A758A9B-BD87-403D-AF91-5D50BE7B1D76}.Debug|x86.ActiveCfg = Debug|Any CPU
		{3A758A9B-BD87-403D-AF91-5D50BE7B1D76}.Debug|x86.Build.0 = Debug|Any CPU
		{3A758A9B-BD87-403D-AF91-5D50BE7B1D76}.Release|Any CPU.ActiveCfg = Release|Any CPU
		{3A758A9B-BD87-403D-AF91-5D50BE7B1D76}.Release|Any CPU.Build.0 = Release|Any CPU
		{3A758A9B-BD87-403D-AF91-5D50BE7B1D76}.Release|x64.ActiveCfg = Release|Any CPU
		{3A758A9B-BD87-403D-AF91-5D50BE7B1D76}.Release|x64.Build.0 = Release|Any CPU
		{3A758A9B-BD87-403D-AF91-5D50BE7B1D76}.Release|x86.ActiveCfg = Release|Any CPU
		{3A758A9B-BD87-403D-AF91-5D50BE7B1D76}.Release|x86.Build.0 = Release|Any CPU
		{A24CE219-9519-4116-BF2F-6276A8931778}.Debug|Any CPU.ActiveCfg = Debug|Any CPU
		{A24CE219-9519-4116-BF2F-6276A8931778}.Debug|Any CPU.Build.0 = Debug|Any CPU
		{A24CE219-9519-4116-BF2F-6276A8931778}.Debug|x64.ActiveCfg = Debug|Any CPU
		{A24CE219-9519-4116-BF2F-6276A8931778}.Debug|x64.Build.0 = Debug|Any CPU
		{A24CE219-9519-4116-BF2F-6276A8931778}.Debug|x86.ActiveCfg = Debug|Any CPU
		{A24CE219-9519-4116-BF2F-6276A8931778}.Debug|x86.Build.0 = Debug|Any CPU
		{A24CE219-9519-4116-BF2F-6276A8931778}.Release|Any CPU.ActiveCfg = Release|Any CPU
		{A24CE219-9519-4116-BF2F-6276A8931778}.Release|Any CPU.Build.0 = Release|Any CPU
		{A24CE219-9519-4116-BF2F-6276A8931778}.Release|x64.ActiveCfg = Release|Any CPU
		{A24CE219-9519-4116-BF2F-6276A8931778}.Release|x64.Build.0 = Release|Any CPU
		{A24CE219-9519-4116-BF2F-6276A8931778}.Release|x86.ActiveCfg = Release|Any CPU
		{A24CE219-9519-4116-BF2F-6276A8931778}.Release|x86.Build.0 = Release|Any CPU
		{F58F23CE-890A-4A85-B284-83264DDF7CC1}.Debug|Any CPU.ActiveCfg = Debug|Any CPU
		{F58F23CE-890A-4A85-B284-83264DDF7CC1}.Debug|Any CPU.Build.0 = Debug|Any CPU
		{F58F23CE-890A-4A85-B284-83264DDF7CC1}.Debug|x64.ActiveCfg = Debug|Any CPU
		{F58F23CE-890A-4A85-B284-83264DDF7CC1}.Debug|x64.Build.0 = Debug|Any CPU
		{F58F23CE-890A-4A85-B284-83264DDF7CC1}.Debug|x86.ActiveCfg = Debug|Any CPU
		{F58F23CE-890A-4A85-B284-83264DDF7CC1}.Debug|x86.Build.0 = Debug|Any CPU
		{F58F23CE-890A-4A85-B284-83264DDF7CC1}.Release|Any CPU.ActiveCfg = Release|Any CPU
		{F58F23CE-890A-4A85-B284-83264DDF7CC1}.Release|Any CPU.Build.0 = Release|Any CPU
		{F58F23CE-890A-4A85-B284-83264DDF7CC1}.Release|x64.ActiveCfg = Release|Any CPU
		{F58F23CE-890A-4A85-B284-83264DDF7CC1}.Release|x64.Build.0 = Release|Any CPU
		{F58F23CE-890A-4A85-B284-83264DDF7CC1}.Release|x86.ActiveCfg = Release|Any CPU
		{F58F23CE-890A-4A85-B284-83264DDF7CC1}.Release|x86.Build.0 = Release|Any CPU
	EndGlobalSection
	GlobalSection(SolutionProperties) = preSolution
		HideSolutionNode = FALSE
	EndGlobalSection
	GlobalSection(ExtensibilityGlobals) = postSolution
		SolutionGuid = {9DBFE055-38B5-411D-B6A4-DCF90577B62D}
	EndGlobalSection
EndGlobal
